<?xml version="1.0" encoding="utf-8"?>
<Project ToolsVersion="4.0" xmlns="http://schemas.microsoft.com/developer/msbuild/2003">
  <ItemGroup>
    <Filter Include="src">
      <UniqueIdentifier>{d5da0f33-8a0c-42b1-9fe7-84c95c0929c7}</UniqueIdentifier>
    </Filter>
    <Filter Include="src\include">
      <UniqueIdentifier>{0bcbf3e5-bd26-4d10-aea6-e56b9af6f966}</UniqueIdentifier>
    </Filter>
    <Filter Include="src\source">
      <UniqueIdentifier>{ec95fc7d-4539-4ddf-8dff-8b512c1d5dd3}</UniqueIdentifier>
    </Filter>
    <Filter Include="generated">
      <UniqueIdentifier>{71ED8ED8-ACB9-4CE9-BBE1-E00B30144E11}</UniqueIdentifier>
      <Extensions>moc;h;cpp</Extensions>
      <SourceControlFiles>False</SourceControlFiles>
    </Filter>
    <Filter Include="resources">
      <UniqueIdentifier>{D9D6E242-F8AF-46E4-B9FD-80ECBC20BA3E}</UniqueIdentifier>
      <Extensions>qrc;*</Extensions>
      <ParseFiles>false</ParseFiles>
    </Filter>
    <Filter Include="resources\ui">
      <UniqueIdentifier>{902b0568-9e65-43b2-9f64-127b490d5871}</UniqueIdentifier>
    </Filter>
    <Filter Include="demo">
      <UniqueIdentifier>{538ee016-676f-447d-89d4-5c2fe8cc265a}</UniqueIdentifier>
    </Filter>
    <Filter Include="resources\shaders">
      <UniqueIdentifier>{e74322c4-a3d3-4b24-8312-7af94e0b7671}</UniqueIdentifier>
    </Filter>
    <Filter Include="resources\models">
      <UniqueIdentifier>{21833908-6439-47d4-a44e-9d409f4b5d79}</UniqueIdentifier>
    </Filter>
    <Filter Include="resources\models\txt">
      <UniqueIdentifier>{fea95977-4664-415e-9373-3ace895b5919}</UniqueIdentifier>
    </Filter>
    <Filter Include="tools">
      <UniqueIdentifier>{855b95af-044c-4cd4-80b9-a783cf4bb919}</UniqueIdentifier>
    </Filter>
    <Filter Include="math">
      <UniqueIdentifier>{33411b9f-29f5-4d87-b08a-0d1b6f7f9540}</UniqueIdentifier>
    </Filter>
    <Filter Include="math\include">
      <UniqueIdentifier>{81afbf39-2866-4ced-8fbf-12cc348c44b6}</UniqueIdentifier>
    </Filter>
    <Filter Include="math\source">
      <UniqueIdentifier>{9de2265f-1a76-4ec1-a441-6663d38f0ac8}</UniqueIdentifier>
    </Filter>
    <Filter Include="resources\materials">
      <UniqueIdentifier>{abf4fd3f-44a6-44b9-a72b-7b79fb11c0bd}</UniqueIdentifier>
    </Filter>
    <Filter Include="resources\textures">
      <UniqueIdentifier>{55d004bc-5876-47a6-8fda-fed908a1ffca}</UniqueIdentifier>
    </Filter>
    <Filter Include="resources\materials\txt">
      <UniqueIdentifier>{09101618-6da9-470b-842f-9e374f72a221}</UniqueIdentifier>
    </Filter>
    <Filter Include="resources\textures\txt">
      <UniqueIdentifier>{a918e3d4-485e-42fe-8652-017d8cf682f1}</UniqueIdentifier>
    </Filter>
    <Filter Include="resources\logs">
      <UniqueIdentifier>{5fa81130-129b-45bc-a992-ad1cb506a503}</UniqueIdentifier>
    </Filter>
    <Filter Include="src\include\core">
      <UniqueIdentifier>{fd93f3e0-2ab5-4cbe-8591-a044d2033dfb}</UniqueIdentifier>
    </Filter>
    <Filter Include="src\include\managers">
      <UniqueIdentifier>{89b52223-9554-45c4-9e3d-25b0e9919dd0}</UniqueIdentifier>
    </Filter>
    <Filter Include="src\include\ui">
      <UniqueIdentifier>{e16f2926-39a3-4155-928d-6a22ba6fa62d}</UniqueIdentifier>
    </Filter>
    <Filter Include="src\include\core\renders">
      <UniqueIdentifier>{03bf95da-f124-4f14-8535-65a0a6e9fee5}</UniqueIdentifier>
    </Filter>
    <Filter Include="src\include\core\components">
      <UniqueIdentifier>{76b9e08f-5900-48ca-b07c-6800cb55cc31}</UniqueIdentifier>
    </Filter>
    <Filter Include="src\include\core\objects">
      <UniqueIdentifier>{1dc4d5a2-1871-418c-a27a-c4f9896e4ee5}</UniqueIdentifier>
    </Filter>
    <Filter Include="src\source\core">
      <UniqueIdentifier>{99fd7e06-f2dc-45e5-89a4-0ecc63f0d5cc}</UniqueIdentifier>
    </Filter>
    <Filter Include="src\source\core\renders">
      <UniqueIdentifier>{905cce63-331d-464f-8a04-104241be51e2}</UniqueIdentifier>
    </Filter>
    <Filter Include="src\source\core\objects">
      <UniqueIdentifier>{02696e93-5699-42b2-9b93-39d42b6c5b31}</UniqueIdentifier>
    </Filter>
    <Filter Include="src\source\core\components">
      <UniqueIdentifier>{2d684c91-8983-41b4-827d-b8b5fd9eb5fb}</UniqueIdentifier>
    </Filter>
    <Filter Include="src\source\managers">
      <UniqueIdentifier>{a52d27be-debe-4f42-98ec-25f05a204bd3}</UniqueIdentifier>
    </Filter>
    <Filter Include="src\source\ui">
      <UniqueIdentifier>{f10b1ad3-fabc-4cf7-b18a-c30725187e50}</UniqueIdentifier>
    </Filter>
    <Filter Include="src\include\helper">
      <UniqueIdentifier>{05f803d1-6417-4b99-9cd0-8798569c52b9}</UniqueIdentifier>
    </Filter>
    <Filter Include="src\source\helper">
      <UniqueIdentifier>{5e806fc6-1a6d-488e-844a-abcad9914937}</UniqueIdentifier>
    </Filter>
    <Filter Include="src\include\preset">
      <UniqueIdentifier>{e787bd40-1fd4-4186-b3eb-fc58ea59cabb}</UniqueIdentifier>
    </Filter>
    <Filter Include="src\include\preset\cameras">
      <UniqueIdentifier>{91b85cd2-c143-4748-9379-b2427d3ddfa1}</UniqueIdentifier>
    </Filter>
    <Filter Include="src\include\preset\shapes">
      <UniqueIdentifier>{1e2315e2-e5e5-400b-9036-6542d90ec8a4}</UniqueIdentifier>
    </Filter>
    <Filter Include="src\source\preset">
      <UniqueIdentifier>{ff8e2f7c-1260-44ad-a5b0-6639ecadcff3}</UniqueIdentifier>
    </Filter>
    <Filter Include="src\source\preset\cameras">
      <UniqueIdentifier>{d74b32ae-ec9c-4953-9f08-beb7fe340d3c}</UniqueIdentifier>
    </Filter>
    <Filter Include="src\source\preset\shapes">
      <UniqueIdentifier>{7acf4846-966f-4a4e-8dd1-9cf873c6a00a}</UniqueIdentifier>
    </Filter>
    <Filter Include="resources\shaders\verts">
      <UniqueIdentifier>{1594afb0-8d80-4b0a-bb6b-6f407ce38052}</UniqueIdentifier>
    </Filter>
    <Filter Include="resources\shaders\frags">
      <UniqueIdentifier>{c979c65b-98b0-45a0-9df3-d583317fa5c0}</UniqueIdentifier>
    </Filter>
    <Filter Include="resources\shaders\geoms">
      <UniqueIdentifier>{10117cd7-905f-4322-b428-c614cfb554fd}</UniqueIdentifier>
    </Filter>
  </ItemGroup>
  <ItemGroup>
    <ClCompile Include="demo\main.cpp">
      <Filter>demo</Filter>
    </ClCompile>
    <ClCompile Include="demo\mygamemanager.cpp">
      <Filter>demo</Filter>
    </ClCompile>
    <ClCompile Include="math\source\cvector2d.cpp">
      <Filter>math\source</Filter>
    </ClCompile>
    <ClCompile Include="math\source\cmath.cpp">
      <Filter>math\source</Filter>
    </ClCompile>
    <ClCompile Include="math\source\cvector3d.cpp">
      <Filter>math\source</Filter>
    </ClCompile>
    <ClCompile Include="tools\meshloader.cpp">
      <Filter>tools</Filter>
    </ClCompile>
    <ClCompile Include="tools\textureloader.cpp">
      <Filter>tools</Filter>
    </ClCompile>
    <ClCompile Include="tools\materialloader.cpp">
      <Filter>tools</Filter>
    </ClCompile>
    <ClCompile Include="tools\loader.cpp">
      <Filter>tools</Filter>
    </ClCompile>
    <ClCompile Include="tools\qtimagehelper.cpp">
      <Filter>tools</Filter>
    </ClCompile>
    <ClCompile Include="math\source\ccolor.cpp">
      <Filter>math\source</Filter>
    </ClCompile>
    <ClCompile Include="demo\plane.cpp">
      <Filter>demo</Filter>
    </ClCompile>
    <ClCompile Include="math\source\cmatrix4x4.cpp">
      <Filter>math\source</Filter>
    </ClCompile>
    <ClCompile Include="math\source\cvector4d.cpp">
      <Filter>math\source</Filter>
    </ClCompile>
    <ClCompile Include="math\source\cquaternion.cpp">
      <Filter>math\source</Filter>
    </ClCompile>
    <ClCompile Include="demo\mansion.cpp">
      <Filter>demo</Filter>
    </ClCompile>
    <ClCompile Include="src\source\cameracomponent.cpp">
      <Filter>src\source\core\components</Filter>
    </ClCompile>
    <ClCompile Include="src\source\cameradata.cpp">
      <Filter>src\source\core\renders</Filter>
    </ClCompile>
    <ClCompile Include="src\source\cameraobject.cpp">
      <Filter>src\source\core\objects</Filter>
    </ClCompile>
    <ClCompile Include="src\source\component.cpp">
      <Filter>src\source\core\components</Filter>
    </ClCompile>
    <ClCompile Include="src\source\delegate.cpp">
      <Filter>src\source\core</Filter>
    </ClCompile>
    <ClCompile Include="src\source\gameobject.cpp">
      <Filter>src\source\core\objects</Filter>
    </ClCompile>
    <ClCompile Include="src\source\lightcomponent.cpp">
      <Filter>src\source\core\components</Filter>
    </ClCompile>
    <ClCompile Include="src\source\lightobject.cpp">
      <Filter>src\source\core\objects</Filter>
    </ClCompile>
    <ClCompile Include="src\source\material.cpp">
      <Filter>src\source\core\renders</Filter>
    </ClCompile>
    <ClCompile Include="src\source\mesh.cpp">
      <Filter>src\source\core\renders</Filter>
    </ClCompile>
    <ClCompile Include="src\source\reflex.cpp">
      <Filter>src\source\core</Filter>
    </ClCompile>
    <ClCompile Include="src\source\renderdata.cpp">
      <Filter>src\source\core\renders</Filter>
    </ClCompile>
    <ClCompile Include="src\source\rendertarget.cpp">
      <Filter>src\source\core\renders</Filter>
    </ClCompile>
    <ClCompile Include="src\source\meshcomponent.cpp">
      <Filter>src\source\core\components</Filter>
    </ClCompile>
    <ClCompile Include="src\source\scenecomponent.cpp">
      <Filter>src\source\core\components</Filter>
    </ClCompile>
    <ClCompile Include="src\source\shader.cpp">
      <Filter>src\source\core\renders</Filter>
    </ClCompile>
    <ClCompile Include="src\source\texture2d.cpp">
      <Filter>src\source\core\renders</Filter>
    </ClCompile>
    <ClCompile Include="src\source\assetmanager.cpp">
      <Filter>src\source\managers</Filter>
    </ClCompile>
    <ClCompile Include="src\source\gamemanager.cpp">
      <Filter>src\source\managers</Filter>
    </ClCompile>
    <ClCompile Include="src\source\inputmanager.cpp">
      <Filter>src\source\managers</Filter>
    </ClCompile>
    <ClCompile Include="src\source\cglwidget.cpp">
      <Filter>src\source\ui</Filter>
    </ClCompile>
    <ClCompile Include="src\source\cmainwindow.cpp">
      <Filter>src\source\ui</Filter>
    </ClCompile>
    <ClCompile Include="src\source\freecamera.cpp">
      <Filter>src\source\preset\cameras</Filter>
    </ClCompile>
    <ClCompile Include="src\source\cubeobject.cpp">
      <Filter>src\source\preset\shapes</Filter>
    </ClCompile>
    <ClCompile Include="src\source\cylinderobject.cpp">
      <Filter>src\source\preset\shapes</Filter>
    </ClCompile>
    <ClCompile Include="src\source\sphereobject.cpp">
      <Filter>src\source\preset\shapes</Filter>
    </ClCompile>
    <ClCompile Include="demo\flowsphere.cpp">
      <Filter>demo</Filter>
    </ClCompile>
    <ClCompile Include="src\source\timemanager.cpp">
      <Filter>src\source\managers</Filter>
    </ClCompile>
    <ClCompile Include="demo\rotatecylinder.cpp">
      <Filter>demo</Filter>
    </ClCompile>
    <ClCompile Include="demo\street.cpp">
      <Filter>demo</Filter>
    </ClCompile>
    <ClCompile Include="demo\riven.cpp">
      <Filter>demo</Filter>
    </ClCompile>
    <ClCompile Include="src\source\skeletalmesh.cpp">
      <Filter>src\source\core\renders</Filter>
    </ClCompile>
    <ClCompile Include="src\source\skeleton.cpp">
      <Filter>src\source\core\renders</Filter>
    </ClCompile>
    <ClCompile Include="src\source\animsequence.cpp">
      <Filter>src\source\core\renders</Filter>
    </ClCompile>
    <ClCompile Include="src\source\singleton.cpp">
      <Filter>src\source\core</Filter>
    </ClCompile>
    <ClCompile Include="src\source\stringhelper.cpp">
      <Filter>src\source\helper</Filter>
    </ClCompile>
    <ClCompile Include="src\source\filehelper.cpp">
      <Filter>src\source\helper</Filter>
    </ClCompile>
    <ClCompile Include="src\source\typehelper.cpp">
      <Filter>src\source\helper</Filter>
    </ClCompile>
    <ClCompile Include="src\source\cdebuger.cpp">
      <Filter>src\source\helper</Filter>
    </ClCompile>
    <ClCompile Include="math\source\cmatrix2x2.cpp">
      <Filter>math\source</Filter>
    </ClCompile>
    <ClCompile Include="math\source\cmatrix3x3.cpp">
      <Filter>math\source</Filter>
    </ClCompile>
    <ClCompile Include="src\source\animplayer.cpp">
      <Filter>src\source\core\renders</Filter>
    </ClCompile>
    <ClCompile Include="src\source\skeletalmeshcomponent.cpp">
      <Filter>src\source\core\components</Filter>
    </ClCompile>
    <ClCompile Include="src\source\cspinwidget.cpp">
      <Filter>src\source\ui</Filter>
    </ClCompile>
    <ClCompile Include="src\source\csubmitwidget.cpp">
      <Filter>src\source\ui</Filter>
    </ClCompile>
    <ClCompile Include="src\source\ctextwidget.cpp">
      <Filter>src\source\ui</Filter>
    </ClCompile>
    <ClCompile Include="src\source\cdebugerwidget.cpp">
      <Filter>src\source\ui</Filter>
    </ClCompile>
    <ClCompile Include="src\source\uniformbuffer.cpp">
      <Filter>src\source\core\renders</Filter>
    </ClCompile>
    <ClCompile Include="src\source\texture3d.cpp">
      <Filter>src\source\core\renders</Filter>
    </ClCompile>
    <ClCompile Include="src\source\skybox.cpp">
      <Filter>src\source\preset</Filter>
    </ClCompile>
  </ItemGroup>
  <ItemGroup>
    <QtUic Include="resources\ui\cloudghost.ui">
      <Filter>resources\ui</Filter>
    </QtUic>
    <QtUic Include="resources\ui\cspinwidget.ui">
      <Filter>resources\ui</Filter>
    </QtUic>
    <QtUic Include="resources\ui\csubmitwidget.ui">
      <Filter>resources\ui</Filter>
    </QtUic>
    <QtUic Include="resources\ui\ctextwidget.ui">
      <Filter>resources\ui</Filter>
    </QtUic>
  </ItemGroup>
  <ItemGroup>
    <ClInclude Include="demo\mygamemanager.h">
      <Filter>demo</Filter>
    </ClInclude>
    <ClInclude Include="math\include\cvector2d.h">
      <Filter>math\include</Filter>
    </ClInclude>
    <ClInclude Include="math\include\cmath.h">
      <Filter>math\include</Filter>
    </ClInclude>
    <ClInclude Include="math\include\cvector3d.h">
      <Filter>math\include</Filter>
    </ClInclude>
    <ClInclude Include="tools\meshloader.h">
      <Filter>tools</Filter>
    </ClInclude>
    <ClInclude Include="tools\textureloader.h">
      <Filter>tools</Filter>
    </ClInclude>
    <ClInclude Include="tools\materialloader.h">
      <Filter>tools</Filter>
    </ClInclude>
    <ClInclude Include="tools\loader.h">
      <Filter>tools</Filter>
    </ClInclude>
    <ClInclude Include="tools\qtimagehelper.h">
      <Filter>tools</Filter>
    </ClInclude>
    <ClInclude Include="math\include\ccolor.h">
      <Filter>math\include</Filter>
    </ClInclude>
    <ClInclude Include="demo\plane.h">
      <Filter>demo</Filter>
    </ClInclude>
    <ClInclude Include="math\include\cmatrix4x4.h">
      <Filter>math\include</Filter>
    </ClInclude>
    <ClInclude Include="math\include\cvector4d.h">
      <Filter>math\include</Filter>
    </ClInclude>
    <ClInclude Include="math\include\cquaternion.h">
      <Filter>math\include</Filter>
    </ClInclude>
    <ClInclude Include="demo\mansion.h">
      <Filter>demo</Filter>
    </ClInclude>
    <ClInclude Include="src\include\cubeobject.h">
      <Filter>src\include\preset\shapes</Filter>
    </ClInclude>
    <ClInclude Include="src\include\freecamera.h">
      <Filter>src\include\preset\cameras</Filter>
    </ClInclude>
    <ClInclude Include="src\include\delegate.h">
      <Filter>src\include\core</Filter>
    </ClInclude>
    <ClInclude Include="src\include\reflex.h">
      <Filter>src\include\core</Filter>
    </ClInclude>
    <ClInclude Include="src\include\assetmanager.h">
      <Filter>src\include\managers</Filter>
    </ClInclude>
    <ClInclude Include="src\include\gamemanager.h">
      <Filter>src\include\managers</Filter>
    </ClInclude>
    <ClInclude Include="src\include\inputmanager.h">
      <Filter>src\include\managers</Filter>
    </ClInclude>
    <ClInclude Include="src\include\mesh.h">
      <Filter>src\include\core\renders</Filter>
    </ClInclude>
    <ClInclude Include="src\include\renderdata.h">
      <Filter>src\include\core\renders</Filter>
    </ClInclude>
    <ClInclude Include="src\include\material.h">
      <Filter>src\include\core\renders</Filter>
    </ClInclude>
    <ClInclude Include="src\include\rendertarget.h">
      <Filter>src\include\core\renders</Filter>
    </ClInclude>
    <ClInclude Include="src\include\shader.h">
      <Filter>src\include\core\renders</Filter>
    </ClInclude>
    <ClInclude Include="src\include\texture2d.h">
      <Filter>src\include\core\renders</Filter>
    </ClInclude>
    <ClInclude Include="src\include\cameradata.h">
      <Filter>src\include\core\renders</Filter>
    </ClInclude>
    <ClInclude Include="src\include\cameracomponent.h">
      <Filter>src\include\core\components</Filter>
    </ClInclude>
    <ClInclude Include="src\include\meshcomponent.h">
      <Filter>src\include\core\components</Filter>
    </ClInclude>
    <ClInclude Include="src\include\scenecomponent.h">
      <Filter>src\include\core\components</Filter>
    </ClInclude>
    <ClInclude Include="src\include\gameobject.h">
      <Filter>src\include\core\objects</Filter>
    </ClInclude>
    <ClInclude Include="src\include\component.h">
      <Filter>src\include\core\components</Filter>
    </ClInclude>
    <ClInclude Include="src\include\cameraobject.h">
      <Filter>src\include\core\objects</Filter>
    </ClInclude>
    <ClInclude Include="src\include\lightobject.h">
      <Filter>src\include\core\objects</Filter>
    </ClInclude>
    <ClInclude Include="src\include\lightcomponent.h">
      <Filter>src\include\core\components</Filter>
    </ClInclude>
    <ClInclude Include="src\include\cylinderobject.h">
      <Filter>src\include\preset\shapes</Filter>
    </ClInclude>
    <ClInclude Include="src\include\sphereobject.h">
      <Filter>src\include\preset\shapes</Filter>
    </ClInclude>
    <ClInclude Include="demo\flowsphere.h">
      <Filter>demo</Filter>
    </ClInclude>
    <ClInclude Include="src\include\timemanager.h">
      <Filter>src\include\managers</Filter>
    </ClInclude>
    <ClInclude Include="demo\rotatecylinder.h">
      <Filter>demo</Filter>
    </ClInclude>
    <ClInclude Include="demo\street.h">
      <Filter>demo</Filter>
    </ClInclude>
    <ClInclude Include="demo\riven.h">
      <Filter>demo</Filter>
    </ClInclude>
    <ClInclude Include="src\include\skeletalmesh.h">
      <Filter>src\include\core\renders</Filter>
    </ClInclude>
    <ClInclude Include="src\include\skeleton.h">
      <Filter>src\include\core\renders</Filter>
    </ClInclude>
    <ClInclude Include="src\include\animsequence.h">
      <Filter>src\include\core\renders</Filter>
    </ClInclude>
    <ClInclude Include="src\include\singleton.h">
      <Filter>src\include\core</Filter>
    </ClInclude>
    <ClInclude Include="src\include\stringhelper.h">
      <Filter>src\include\helper</Filter>
    </ClInclude>
    <ClInclude Include="src\include\filehelper.h">
      <Filter>src\include\helper</Filter>
    </ClInclude>
    <ClInclude Include="src\include\typehelper.h">
      <Filter>src\include\helper</Filter>
    </ClInclude>
    <ClInclude Include="src\include\cdebuger.h">
      <Filter>src\include\helper</Filter>
    </ClInclude>
    <ClInclude Include="src\include\skeletalmeshcomponent.h">
      <Filter>src\include\core\components</Filter>
    </ClInclude>
    <ClInclude Include="math\include\cmatrix2x2.h">
      <Filter>math\include</Filter>
    </ClInclude>
    <ClInclude Include="math\include\cmatrix3x3.h">
      <Filter>math\include</Filter>
    </ClInclude>
    <ClInclude Include="src\include\animplayer.h">
      <Filter>src\include\core\renders</Filter>
    </ClInclude>
    <ClInclude Include="src\include\uniformbuffer.h">
      <Filter>src\include\core\renders</Filter>
    </ClInclude>
    <ClInclude Include="src\include\texture3d.h">
      <Filter>src\include\core\renders</Filter>
    </ClInclude>
    <ClInclude Include="src\include\skybox.h">
      <Filter>src\include\preset</Filter>
    </ClInclude>
  </ItemGroup>
  <ItemGroup>
    <QtMoc Include="src\include\cglwidget.h">
      <Filter>src\include\ui</Filter>
    </QtMoc>
    <QtMoc Include="src\include\cmainwindow.h">
      <Filter>src\include\ui</Filter>
    </QtMoc>
    <QtMoc Include="src\include\cspinwidget.h">
      <Filter>src\include\ui</Filter>
    </QtMoc>
    <QtMoc Include="src\include\csubmitwidget.h">
      <Filter>src\include\ui</Filter>
    </QtMoc>
    <QtMoc Include="src\include\ctextwidget.h">
      <Filter>src\include\ui</Filter>
    </QtMoc>
    <QtMoc Include="src\include\cdebugerwidget.h">
      <Filter>src\include\ui</Filter>
    </QtMoc>
  </ItemGroup>
  <ItemGroup>
    <None Include="resources\shaders\blinn_phong.frag">
      <Filter>resources\shaders\frags</Filter>
    </None>
    <None Include="resources\shaders\depth.frag">
      <Filter>resources\shaders\frags</Filter>
    </None>
    <None Include="resources\shaders\mvp.vert">
      <Filter>resources\shaders\verts</Filter>
    </None>
    <None Include="resources\shaders\mvp_anim.vert">
      <Filter>resources\shaders\verts</Filter>
    </None>
    <None Include="resources\shaders\normal_visual.geom">
      <Filter>resources\shaders\geoms</Filter>
    </None>
    <None Include="resources\shaders\pick.frag">
      <Filter>resources\shaders\frags</Filter>
    </None>
    <None Include="resources\shaders\post_process.frag">
      <Filter>resources\shaders\frags</Filter>
    </None>
    <None Include="resources\shaders\scene_2d.vert">
      <Filter>resources\shaders\verts</Filter>
    </None>
    <None Include="resources\shaders\shadertoy_buffer_a.frag">
      <Filter>resources\shaders\frags</Filter>
    </None>
    <None Include="resources\shaders\shadertoy_buffer_b.frag">
      <Filter>resources\shaders\frags</Filter>
    </None>
    <None Include="resources\shaders\shadertoy_buffer_c.frag">
      <Filter>resources\shaders\frags</Filter>
    </None>
    <None Include="resources\shaders\shadertoy_buffer_d.frag">
      <Filter>resources\shaders\frags</Filter>
    </None>
    <None Include="resources\shaders\shadertoy_img.frag">
      <Filter>resources\shaders\frags</Filter>
    </None>
    <None Include="resources\shaders\single_texture.frag">
      <Filter>resources\shaders\frags</Filter>
    </None>
    <None Include="resources\shaders\single_texture_2d.frag">
      <Filter>resources\shaders\frags</Filter>
    </None>
    <None Include="resources\shaders\solid_color.frag">
      <Filter>resources\shaders\frags</Filter>
    </None>
    <None Include="resources\shaders\vr_mix.frag">
      <Filter>resources\shaders\frags</Filter>
    </None>
    <None Include="resources\shaders\explode.geom">
      <Filter>resources\shaders\geoms</Filter>
    </None>
    <None Include="resources\shaders\msaa.frag">
      <Filter>resources\shaders\frags</Filter>
    </None>
    <None Include="resources\shaders\gamma.frag">
      <Filter>resources\shaders\frags</Filter>
    </None>
    <None Include="resources\shaders\hdr.frag">
      <Filter>resources\shaders\frags</Filter>
    </None>
    <None Include="resources\shaders\skybox.frag">
      <Filter>resources\shaders\frags</Filter>
    </None>
    <None Include="resources\shaders\skybox.vert">
      <Filter>resources\shaders\verts</Filter>
    </None>
    <None Include="resources\shaders\shadow.vert">
      <Filter>resources\shaders\verts</Filter>
    </None>
    <None Include="resources\shaders\shadow.frag">
      <Filter>resources\shaders\frags</Filter>
    </None>
    <None Include="resources\shaders\border.frag">
      <Filter>resources\shaders\frags</Filter>
    </None>
  </ItemGroup>
  <ItemGroup>
    <Text Include="resources\models\txt\cube.txt">
      <Filter>resources\models\txt</Filter>
    </Text>
    <Text Include="resources\models\txt\triangle_regular.txt">
      <Filter>resources\models\txt</Filter>
    </Text>
    <Text Include="resources\models\txt\triangle_right.txt">
      <Filter>resources\models\txt</Filter>
    </Text>
    <Text Include="resources\models\txt\rect.txt">
      <Filter>resources\models\txt</Filter>
    </Text>
    <Text Include="resources\models\txt\circle.txt">
      <Filter>resources\models\txt</Filter>
    </Text>
    <Text Include="resources\models\txt\cone.txt">
      <Filter>resources\models\txt</Filter>
    </Text>
    <Text Include="resources\models\txt\cylinder.txt">
      <Filter>resources\models\txt</Filter>
    </Text>
    <Text Include="resources\models\txt\sphere.txt">
      <Filter>resources\models\txt</Filter>
    </Text>
    <Text Include="resources\materials\txt\single_material.txt">
      <Filter>resources\materials\txt</Filter>
    </Text>
    <Text Include="resources\materials\txt\cube_material.txt">
      <Filter>resources\materials\txt</Filter>
    </Text>
    <Text Include="resources\textures\txt\texture_solide_white.txt">
      <Filter>resources\textures\txt</Filter>
    </Text>
    <Text Include="resources\textures\txt\texture_solide_gray.txt">
      <Filter>resources\textures\txt</Filter>
    </Text>
    <Text Include="resources\textures\txt\texture_gradua_red.txt">
      <Filter>resources\textures\txt</Filter>
    </Text>
    <Text Include="resources\textures\txt\texture_default.txt">
      <Filter>resources\textures\txt</Filter>
    </Text>
    <Text Include="resources\materials\txt\default_material.txt">
      <Filter>resources\materials\txt</Filter>
    </Text>
    <Text Include="resources\logs\log.txt">
      <Filter>resources\logs</Filter>
    </Text>
  </ItemGroup>
  <ItemGroup>
    <Image Include="resources\textures\wood.png">
      <Filter>resources\textures</Filter>
    </Image>
    <Image Include="resources\textures\texture_default.png">
      <Filter>resources\textures</Filter>
    </Image>
    <Image Include="resources\textures\texture_gradua_red.png">
      <Filter>resources\textures</Filter>
    </Image>
    <Image Include="resources\textures\texture_solide_gray.png">
      <Filter>resources\textures</Filter>
    </Image>
    <Image Include="resources\textures\texture_solide_white.png">
      <Filter>resources\textures</Filter>
    </Image>
    <Image Include="resources\ui\icon.ico">
      <Filter>resources\ui</Filter>
    </Image>
    <Image Include="resources\ui\debug.ico">
      <Filter>resources\ui</Filter>
    </Image>
  </ItemGroup>
  <ItemGroup>
    <QtRcc Include="resources\cloudghost.qrc">
      <Filter>resources</Filter>
    </QtRcc>
  </ItemGroup>
  <ItemGroup>
    <ResourceCompile Include="icon.rc" />
  </ItemGroup>
</Project>