<?xml version="1.0" encoding="utf-8"?>
<Project ToolsVersion="4.0" xmlns="http://schemas.microsoft.com/developer/msbuild/2003">
  <ItemGroup>
    <Filter Include="src">
      <UniqueIdentifier>{d5da0f33-8a0c-42b1-9fe7-84c95c0929c7}</UniqueIdentifier>
    </Filter>
    <Filter Include="src\include">
      <UniqueIdentifier>{0bcbf3e5-bd26-4d10-aea6-e56b9af6f966}</UniqueIdentifier>
    </Filter>
    <Filter Include="src\source">
      <UniqueIdentifier>{ec95fc7d-4539-4ddf-8dff-8b512c1d5dd3}</UniqueIdentifier>
    </Filter>
    <Filter Include="generated">
      <UniqueIdentifier>{71ED8ED8-ACB9-4CE9-BBE1-E00B30144E11}</UniqueIdentifier>
      <Extensions>moc;h;cpp</Extensions>
      <SourceControlFiles>False</SourceControlFiles>
    </Filter>
    <Filter Include="resources">
      <UniqueIdentifier>{D9D6E242-F8AF-46E4-B9FD-80ECBC20BA3E}</UniqueIdentifier>
      <Extensions>qrc;*</Extensions>
      <ParseFiles>false</ParseFiles>
    </Filter>
    <Filter Include="resources\ui">
      <UniqueIdentifier>{902b0568-9e65-43b2-9f64-127b490d5871}</UniqueIdentifier>
    </Filter>
    <Filter Include="demo">
      <UniqueIdentifier>{538ee016-676f-447d-89d4-5c2fe8cc265a}</UniqueIdentifier>
    </Filter>
    <Filter Include="resources\shaders">
      <UniqueIdentifier>{e74322c4-a3d3-4b24-8312-7af94e0b7671}</UniqueIdentifier>
    </Filter>
    <Filter Include="resources\models">
      <UniqueIdentifier>{21833908-6439-47d4-a44e-9d409f4b5d79}</UniqueIdentifier>
    </Filter>
    <Filter Include="resources\models\txt">
      <UniqueIdentifier>{fea95977-4664-415e-9373-3ace895b5919}</UniqueIdentifier>
    </Filter>
    <Filter Include="tools">
      <UniqueIdentifier>{855b95af-044c-4cd4-80b9-a783cf4bb919}</UniqueIdentifier>
    </Filter>
    <Filter Include="math">
      <UniqueIdentifier>{33411b9f-29f5-4d87-b08a-0d1b6f7f9540}</UniqueIdentifier>
    </Filter>
    <Filter Include="math\include">
      <UniqueIdentifier>{81afbf39-2866-4ced-8fbf-12cc348c44b6}</UniqueIdentifier>
    </Filter>
    <Filter Include="math\source">
      <UniqueIdentifier>{9de2265f-1a76-4ec1-a441-6663d38f0ac8}</UniqueIdentifier>
    </Filter>
    <Filter Include="resources\materials">
      <UniqueIdentifier>{abf4fd3f-44a6-44b9-a72b-7b79fb11c0bd}</UniqueIdentifier>
    </Filter>
    <Filter Include="resources\textures">
      <UniqueIdentifier>{55d004bc-5876-47a6-8fda-fed908a1ffca}</UniqueIdentifier>
    </Filter>
    <Filter Include="resources\materials\txt">
      <UniqueIdentifier>{09101618-6da9-470b-842f-9e374f72a221}</UniqueIdentifier>
    </Filter>
    <Filter Include="resources\textures\txt">
      <UniqueIdentifier>{a918e3d4-485e-42fe-8652-017d8cf682f1}</UniqueIdentifier>
    </Filter>
  </ItemGroup>
  <ItemGroup>
    <ClCompile Include="demo\main.cpp">
      <Filter>demo</Filter>
    </ClCompile>
    <ClCompile Include="src\source\assetmanager.cpp">
      <Filter>src\source</Filter>
    </ClCompile>
    <ClCompile Include="src\source\cpbr.cpp">
      <Filter>src\source</Filter>
    </ClCompile>
    <ClCompile Include="src\source\shader.cpp">
      <Filter>src\source</Filter>
    </ClCompile>
    <ClCompile Include="src\source\gameobject.cpp">
      <Filter>src\source</Filter>
    </ClCompile>
    <ClCompile Include="src\source\component.cpp">
      <Filter>src\source</Filter>
    </ClCompile>
    <ClCompile Include="src\source\scenecomponent.cpp">
      <Filter>src\source</Filter>
    </ClCompile>
    <ClCompile Include="src\source\meshcomponent.cpp">
      <Filter>src\source</Filter>
    </ClCompile>
    <ClCompile Include="src\source\mesh.cpp">
      <Filter>src\source</Filter>
    </ClCompile>
    <ClCompile Include="src\source\renderdata.cpp">
      <Filter>src\source</Filter>
    </ClCompile>
    <ClCompile Include="src\source\cameraobject.cpp">
      <Filter>src\source</Filter>
    </ClCompile>
    <ClCompile Include="src\source\cameracomponent.cpp">
      <Filter>src\source</Filter>
    </ClCompile>
    <ClCompile Include="src\source\cameradata.cpp">
      <Filter>src\source</Filter>
    </ClCompile>
    <ClCompile Include="src\source\inputmanager.cpp">
      <Filter>src\source</Filter>
    </ClCompile>
    <ClCompile Include="src\source\delegate.cpp">
      <Filter>src\source</Filter>
    </ClCompile>
    <ClCompile Include="src\source\freecamera.cpp">
      <Filter>src\source</Filter>
    </ClCompile>
    <ClCompile Include="src\source\reflex.cpp">
      <Filter>src\source</Filter>
    </ClCompile>
    <ClCompile Include="src\source\gamemanager.cpp">
      <Filter>src\source</Filter>
    </ClCompile>
    <ClCompile Include="demo\mygamemanager.cpp">
      <Filter>demo</Filter>
    </ClCompile>
    <ClCompile Include="src\source\cglwidget.cpp">
      <Filter>src\source</Filter>
    </ClCompile>
    <ClCompile Include="math\source\cvector2d.cpp">
      <Filter>math\source</Filter>
    </ClCompile>
    <ClCompile Include="math\source\cmath.cpp">
      <Filter>math\source</Filter>
    </ClCompile>
    <ClCompile Include="math\source\cvector3d.cpp">
      <Filter>math\source</Filter>
    </ClCompile>
    <ClCompile Include="tools\meshloader.cpp">
      <Filter>tools</Filter>
    </ClCompile>
    <ClCompile Include="src\source\material.cpp">
      <Filter>src\source</Filter>
    </ClCompile>
    <ClCompile Include="tools\textureloader.cpp">
      <Filter>tools</Filter>
    </ClCompile>
    <ClCompile Include="tools\materialloader.cpp">
      <Filter>tools</Filter>
    </ClCompile>
    <ClCompile Include="tools\loader.cpp">
      <Filter>tools</Filter>
    </ClCompile>
    <ClCompile Include="src\source\texture2d.cpp">
      <Filter>src\source</Filter>
    </ClCompile>
    <ClCompile Include="tools\qtimagehelper.cpp">
      <Filter>tools</Filter>
    </ClCompile>
    <ClCompile Include="math\source\ccolor.cpp">
      <Filter>math\source</Filter>
    </ClCompile>
    <ClCompile Include="demo\plane.cpp">
      <Filter>demo</Filter>
    </ClCompile>
    <ClCompile Include="src\source\lightcomponent.cpp">
      <Filter>src\source</Filter>
    </ClCompile>
    <ClCompile Include="src\source\lightobject.cpp">
      <Filter>src\source</Filter>
    </ClCompile>
    <ClCompile Include="math\source\cmatrix4x4.cpp">
      <Filter>math\source</Filter>
    </ClCompile>
    <ClCompile Include="math\source\cvector4d.cpp">
      <Filter>math\source</Filter>
    </ClCompile>
    <ClCompile Include="math\source\cquaternion.cpp">
      <Filter>math\source</Filter>
    </ClCompile>
    <ClCompile Include="src\source\rendertarget.cpp">
      <Filter>src\source</Filter>
    </ClCompile>
    <ClCompile Include="src\source\cubeobject.cpp">
      <Filter>src\source</Filter>
    </ClCompile>
  </ItemGroup>
  <ItemGroup>
    <QtUic Include="resources\ui\cpbr.ui">
      <Filter>resources\ui</Filter>
    </QtUic>
  </ItemGroup>
  <ItemGroup>
    <QtRcc Include="resources\cpbr.qrc">
      <Filter>resources</Filter>
    </QtRcc>
  </ItemGroup>
  <ItemGroup>
    <ClInclude Include="src\include\assetmanager.h">
      <Filter>src\include</Filter>
    </ClInclude>
    <ClInclude Include="src\include\shader.h">
      <Filter>src\include</Filter>
    </ClInclude>
    <ClInclude Include="src\include\gameobject.h">
      <Filter>src\include</Filter>
    </ClInclude>
    <ClInclude Include="src\include\component.h">
      <Filter>src\include</Filter>
    </ClInclude>
    <ClInclude Include="src\include\scenecomponent.h">
      <Filter>src\include</Filter>
    </ClInclude>
    <ClInclude Include="src\include\meshcomponent.h">
      <Filter>src\include</Filter>
    </ClInclude>
    <ClInclude Include="src\include\mesh.h">
      <Filter>src\include</Filter>
    </ClInclude>
    <ClInclude Include="src\include\renderdata.h">
      <Filter>src\include</Filter>
    </ClInclude>
    <ClInclude Include="src\include\cameraobject.h">
      <Filter>src\include</Filter>
    </ClInclude>
    <ClInclude Include="src\include\cameracomponent.h">
      <Filter>src\include</Filter>
    </ClInclude>
    <ClInclude Include="src\include\cameradata.h">
      <Filter>src\include</Filter>
    </ClInclude>
    <ClInclude Include="src\include\inputmanager.h">
      <Filter>src\include</Filter>
    </ClInclude>
    <ClInclude Include="src\include\delegate.h">
      <Filter>src\include</Filter>
    </ClInclude>
    <ClInclude Include="src\include\freecamera.h">
      <Filter>src\include</Filter>
    </ClInclude>
    <ClInclude Include="src\include\reflex.h">
      <Filter>src\include</Filter>
    </ClInclude>
    <ClInclude Include="src\include\gamemanager.h">
      <Filter>src\include</Filter>
    </ClInclude>
    <ClInclude Include="demo\mygamemanager.h">
      <Filter>demo</Filter>
    </ClInclude>
    <ClInclude Include="math\include\cvector2d.h">
      <Filter>math\include</Filter>
    </ClInclude>
    <ClInclude Include="math\include\cmath.h">
      <Filter>math\include</Filter>
    </ClInclude>
    <ClInclude Include="math\include\cvector3d.h">
      <Filter>math\include</Filter>
    </ClInclude>
    <ClInclude Include="tools\meshloader.h">
      <Filter>tools</Filter>
    </ClInclude>
    <ClInclude Include="src\include\material.h">
      <Filter>src\include</Filter>
    </ClInclude>
    <ClInclude Include="tools\textureloader.h">
      <Filter>tools</Filter>
    </ClInclude>
    <ClInclude Include="tools\materialloader.h">
      <Filter>tools</Filter>
    </ClInclude>
    <ClInclude Include="tools\loader.h">
      <Filter>tools</Filter>
    </ClInclude>
    <ClInclude Include="src\include\texture2d.h">
      <Filter>src\include</Filter>
    </ClInclude>
    <ClInclude Include="tools\qtimagehelper.h">
      <Filter>tools</Filter>
    </ClInclude>
    <ClInclude Include="math\include\ccolor.h">
      <Filter>math\include</Filter>
    </ClInclude>
    <ClInclude Include="demo\plane.h">
      <Filter>demo</Filter>
    </ClInclude>
    <ClInclude Include="src\include\lightobject.h">
      <Filter>src\include</Filter>
    </ClInclude>
    <ClInclude Include="src\include\lightcomponent.h">
      <Filter>src\include</Filter>
    </ClInclude>
    <ClInclude Include="math\include\cmatrix4x4.h">
      <Filter>math\include</Filter>
    </ClInclude>
    <ClInclude Include="math\include\cvector4d.h">
      <Filter>math\include</Filter>
    </ClInclude>
    <ClInclude Include="math\include\cquaternion.h">
      <Filter>math\include</Filter>
    </ClInclude>
    <ClInclude Include="src\include\rendertarget.h">
      <Filter>src\include</Filter>
    </ClInclude>
    <ClInclude Include="src\include\cubeobject.h">
      <Filter>src\include</Filter>
    </ClInclude>
  </ItemGroup>
  <ItemGroup>
    <QtMoc Include="src\include\cpbr.h">
      <Filter>src\include</Filter>
    </QtMoc>
    <QtMoc Include="src\include\cglwidget.h">
      <Filter>src\include</Filter>
    </QtMoc>
  </ItemGroup>
  <ItemGroup>
    <None Include="resources\shaders\depth.frag">
      <Filter>resources\shaders</Filter>
    </None>
    <None Include="resources\shaders\mvp.vert">
      <Filter>resources\shaders</Filter>
    </None>
    <None Include="resources\shaders\blinn_phong.frag">
      <Filter>resources\shaders</Filter>
    </None>
    <None Include="resources\shaders\solid_color.frag">
      <Filter>resources\shaders</Filter>
    </None>
    <None Include="resources\shaders\single_texture.frag">
      <Filter>resources\shaders</Filter>
    </None>
    <None Include="resources\shaders\scene2d.vert">
      <Filter>resources\shaders</Filter>
    </None>
    <None Include="resources\shaders\post_process.frag">
      <Filter>resources\shaders</Filter>
    </None>
    <None Include="resources\shaders\pick.frag">
      <Filter>resources\shaders</Filter>
    </None>
    <None Include="resources\shaders\vr_mix.frag">
      <Filter>resources\shaders</Filter>
    </None>
    <None Include="resources\shaders\shadertoy_img.frag">
      <Filter>resources\shaders</Filter>
    </None>
    <None Include="resources\shaders\shadertoy_buffer_a.frag">
      <Filter>resources\shaders</Filter>
    </None>
    <None Include="resources\shaders\shadertoy_buffer_b.frag">
      <Filter>resources\shaders</Filter>
    </None>
    <None Include="resources\shaders\shadertoy_buffer_c.frag">
      <Filter>resources\shaders</Filter>
    </None>
    <None Include="resources\shaders\shadertoy_buffer_d.frag">
      <Filter>resources\shaders</Filter>
    </None>
  </ItemGroup>
  <ItemGroup>
    <Text Include="resources\models\txt\cube.txt">
      <Filter>resources\models\txt</Filter>
    </Text>
    <Text Include="resources\models\txt\triangle_regular.txt">
      <Filter>resources\models\txt</Filter>
    </Text>
    <Text Include="resources\models\txt\triangle_right.txt">
      <Filter>resources\models\txt</Filter>
    </Text>
    <Text Include="resources\models\txt\rect.txt">
      <Filter>resources\models\txt</Filter>
    </Text>
    <Text Include="resources\models\txt\circle.txt">
      <Filter>resources\models\txt</Filter>
    </Text>
    <Text Include="resources\models\txt\cone.txt">
      <Filter>resources\models\txt</Filter>
    </Text>
    <Text Include="resources\models\txt\cylinder.txt">
      <Filter>resources\models\txt</Filter>
    </Text>
    <Text Include="resources\models\txt\sphere.txt">
      <Filter>resources\models\txt</Filter>
    </Text>
    <Text Include="resources\materials\txt\single_material.txt">
      <Filter>resources\materials\txt</Filter>
    </Text>
    <Text Include="resources\materials\txt\cube_material.txt">
      <Filter>resources\materials\txt</Filter>
    </Text>
    <Text Include="resources\textures\txt\texture_solide_white.txt">
      <Filter>resources\textures\txt</Filter>
    </Text>
    <Text Include="resources\textures\txt\texture_solide_gray.txt">
      <Filter>resources\textures\txt</Filter>
    </Text>
    <Text Include="resources\textures\txt\texture_gradua_red.txt">
      <Filter>resources\textures\txt</Filter>
    </Text>
    <Text Include="resources\textures\txt\texture_default.txt">
      <Filter>resources\textures\txt</Filter>
    </Text>
    <Text Include="resources\materials\txt\default_material.txt">
      <Filter>resources\materials\txt</Filter>
    </Text>
  </ItemGroup>
  <ItemGroup>
    <Image Include="resources\textures\wood.png">
      <Filter>resources\textures</Filter>
    </Image>
    <Image Include="resources\textures\texture_default.png">
      <Filter>resources\textures</Filter>
    </Image>
    <Image Include="resources\textures\texture_gradua_red.png">
      <Filter>resources\textures</Filter>
    </Image>
    <Image Include="resources\textures\texture_solide_gray.png">
      <Filter>resources\textures</Filter>
    </Image>
    <Image Include="resources\textures\texture_solide_white.png">
      <Filter>resources\textures</Filter>
    </Image>
  </ItemGroup>
</Project>